// !$*UTF8*$!
{
	archiveVersion = 1;
	classes = {
	};
	objectVersion = 56;
	objects = {

/* Begin PBXBuildFile section */
		6831A4DB2B1C62910019F096 /* SignInView.swift in Sources */ = {isa = PBXBuildFile; fileRef = 6831A4DA2B1C62910019F096 /* SignInView.swift */; };
		6831A4DD2B1C630C0019F096 /* SignInViewModel.swift in Sources */ = {isa = PBXBuildFile; fileRef = 6831A4DC2B1C630C0019F096 /* SignInViewModel.swift */; };
		6831A4DF2B1C7B980019F096 /* NavigationAsyncButton.swift in Sources */ = {isa = PBXBuildFile; fileRef = 6831A4DE2B1C7B980019F096 /* NavigationAsyncButton.swift */; };
		6831A4E22B1C9C5E0019F096 /* DrawerView.swift in Sources */ = {isa = PBXBuildFile; fileRef = 6831A4E12B1C9C5E0019F096 /* DrawerView.swift */; };
		6831A4E42B1C9D030019F096 /* RootView.swift in Sources */ = {isa = PBXBuildFile; fileRef = 6831A4E32B1C9D030019F096 /* RootView.swift */; };
		6831A4E62B1C9D150019F096 /* RootViewModel.swift in Sources */ = {isa = PBXBuildFile; fileRef = 6831A4E52B1C9D150019F096 /* RootViewModel.swift */; };
		6831A4E92B1CA5B80019F096 /* MenuView.swift in Sources */ = {isa = PBXBuildFile; fileRef = 6831A4E82B1CA5B80019F096 /* MenuView.swift */; };
		6831A5082B1CEEC50019F096 /* HomeView.swift in Sources */ = {isa = PBXBuildFile; fileRef = 6831A5072B1CEEC50019F096 /* HomeView.swift */; };
		6844333F2B1A27FE00D86BAE /* SehilApp.swift in Sources */ = {isa = PBXBuildFile; fileRef = 6844333E2B1A27FE00D86BAE /* SehilApp.swift */; };
		684433432B1A27FF00D86BAE /* Assets.xcassets in Resources */ = {isa = PBXBuildFile; fileRef = 684433422B1A27FF00D86BAE /* Assets.xcassets */; };
		684433462B1A27FF00D86BAE /* Preview Assets.xcassets in Resources */ = {isa = PBXBuildFile; fileRef = 684433452B1A27FF00D86BAE /* Preview Assets.xcassets */; };
		684433512B1A29D500D86BAE /* OnboardingView.swift in Sources */ = {isa = PBXBuildFile; fileRef = 684433502B1A29D500D86BAE /* OnboardingView.swift */; };
		684433552B1A3B7000D86BAE /* MainButton.swift in Sources */ = {isa = PBXBuildFile; fileRef = 684433542B1A3B7000D86BAE /* MainButton.swift */; };
		6844335C2B1B041F00D86BAE /* SignUpView.swift in Sources */ = {isa = PBXBuildFile; fileRef = 6844335B2B1B041F00D86BAE /* SignUpView.swift */; };
		6844335F2B1B04CF00D86BAE /* SignUpViewModel.swift in Sources */ = {isa = PBXBuildFile; fileRef = 6844335E2B1B04CF00D86BAE /* SignUpViewModel.swift */; };
		684433612B1B2D0600D86BAE /* AuthTextField.swift in Sources */ = {isa = PBXBuildFile; fileRef = 684433602B1B2D0600D86BAE /* AuthTextField.swift */; };
		684433682B1B4BAC00D86BAE /* AuthApi.swift in Sources */ = {isa = PBXBuildFile; fileRef = 684433672B1B4BAC00D86BAE /* AuthApi.swift */; };
		6844336B2B1B4D0800D86BAE /* Functions in Frameworks */ = {isa = PBXBuildFile; productRef = 6844336A2B1B4D0800D86BAE /* Functions */; };
		6844336D2B1B4D0800D86BAE /* GoTrue in Frameworks */ = {isa = PBXBuildFile; productRef = 6844336C2B1B4D0800D86BAE /* GoTrue */; };
		6844336F2B1B4D0800D86BAE /* PostgREST in Frameworks */ = {isa = PBXBuildFile; productRef = 6844336E2B1B4D0800D86BAE /* PostgREST */; };
		684433712B1B4D0800D86BAE /* Realtime in Frameworks */ = {isa = PBXBuildFile; productRef = 684433702B1B4D0800D86BAE /* Realtime */; };
		684433732B1B4D0800D86BAE /* Storage in Frameworks */ = {isa = PBXBuildFile; productRef = 684433722B1B4D0800D86BAE /* Storage */; };
		684433752B1B4D0800D86BAE /* Supabase in Frameworks */ = {isa = PBXBuildFile; productRef = 684433742B1B4D0800D86BAE /* Supabase */; };
		684433772B1B502100D86BAE /* Secret.swift in Sources */ = {isa = PBXBuildFile; fileRef = 684433762B1B502100D86BAE /* Secret.swift */; };
		6844337A2B1B60C300D86BAE /* AppUser.swift in Sources */ = {isa = PBXBuildFile; fileRef = 684433792B1B60C300D86BAE /* AppUser.swift */; };
		686DA2D62B1B908700CCC1A2 /* DatabaseApi.swift in Sources */ = {isa = PBXBuildFile; fileRef = 686DA2D52B1B908700CCC1A2 /* DatabaseApi.swift */; };
		686DA2D92B1B946B00CCC1A2 /* Shared.swift in Sources */ = {isa = PBXBuildFile; fileRef = 686DA2D82B1B946B00CCC1A2 /* Shared.swift */; };
		686DA2DB2B1BC0A700CCC1A2 /* NavigationMainButton.swift in Sources */ = {isa = PBXBuildFile; fileRef = 686DA2DA2B1BC0A700CCC1A2 /* NavigationMainButton.swift */; };
		686DA2DD2B1BC3AC00CCC1A2 /* MainLogo.swift in Sources */ = {isa = PBXBuildFile; fileRef = 686DA2DC2B1BC3AC00CCC1A2 /* MainLogo.swift */; };
/* End PBXBuildFile section */

/* Begin PBXFileReference section */
		6831A4DA2B1C62910019F096 /* SignInView.swift */ = {isa = PBXFileReference; lastKnownFileType = sourcecode.swift; path = SignInView.swift; sourceTree = "<group>"; };
		6831A4DC2B1C630C0019F096 /* SignInViewModel.swift */ = {isa = PBXFileReference; lastKnownFileType = sourcecode.swift; path = SignInViewModel.swift; sourceTree = "<group>"; };
		6831A4DE2B1C7B980019F096 /* NavigationAsyncButton.swift */ = {isa = PBXFileReference; lastKnownFileType = sourcecode.swift; path = NavigationAsyncButton.swift; sourceTree = "<group>"; };
		6831A4E12B1C9C5E0019F096 /* DrawerView.swift */ = {isa = PBXFileReference; lastKnownFileType = sourcecode.swift; path = DrawerView.swift; sourceTree = "<group>"; };
		6831A4E32B1C9D030019F096 /* RootView.swift */ = {isa = PBXFileReference; lastKnownFileType = sourcecode.swift; path = RootView.swift; sourceTree = "<group>"; };
		6831A4E52B1C9D150019F096 /* RootViewModel.swift */ = {isa = PBXFileReference; lastKnownFileType = sourcecode.swift; path = RootViewModel.swift; sourceTree = "<group>"; };
		6831A4E82B1CA5B80019F096 /* MenuView.swift */ = {isa = PBXFileReference; lastKnownFileType = sourcecode.swift; path = MenuView.swift; sourceTree = "<group>"; };
		6831A5072B1CEEC50019F096 /* HomeView.swift */ = {isa = PBXFileReference; lastKnownFileType = sourcecode.swift; path = HomeView.swift; sourceTree = "<group>"; };
		6844333B2B1A27FE00D86BAE /* Sehil.app */ = {isa = PBXFileReference; explicitFileType = wrapper.application; includeInIndex = 0; path = Sehil.app; sourceTree = BUILT_PRODUCTS_DIR; };
		6844333E2B1A27FE00D86BAE /* SehilApp.swift */ = {isa = PBXFileReference; lastKnownFileType = sourcecode.swift; path = SehilApp.swift; sourceTree = "<group>"; };
		684433422B1A27FF00D86BAE /* Assets.xcassets */ = {isa = PBXFileReference; lastKnownFileType = folder.assetcatalog; path = Assets.xcassets; sourceTree = "<group>"; };
		684433452B1A27FF00D86BAE /* Preview Assets.xcassets */ = {isa = PBXFileReference; lastKnownFileType = folder.assetcatalog; path = "Preview Assets.xcassets"; sourceTree = "<group>"; };
		684433502B1A29D500D86BAE /* OnboardingView.swift */ = {isa = PBXFileReference; lastKnownFileType = sourcecode.swift; path = OnboardingView.swift; sourceTree = "<group>"; };
		684433542B1A3B7000D86BAE /* MainButton.swift */ = {isa = PBXFileReference; lastKnownFileType = sourcecode.swift; path = MainButton.swift; sourceTree = "<group>"; };
		6844335B2B1B041F00D86BAE /* SignUpView.swift */ = {isa = PBXFileReference; lastKnownFileType = sourcecode.swift; path = SignUpView.swift; sourceTree = "<group>"; };
		6844335E2B1B04CF00D86BAE /* SignUpViewModel.swift */ = {isa = PBXFileReference; lastKnownFileType = sourcecode.swift; path = SignUpViewModel.swift; sourceTree = "<group>"; };
		684433602B1B2D0600D86BAE /* AuthTextField.swift */ = {isa = PBXFileReference; lastKnownFileType = sourcecode.swift; path = AuthTextField.swift; sourceTree = "<group>"; };
		684433672B1B4BAC00D86BAE /* AuthApi.swift */ = {isa = PBXFileReference; lastKnownFileType = sourcecode.swift; path = AuthApi.swift; sourceTree = "<group>"; };
		684433762B1B502100D86BAE /* Secret.swift */ = {isa = PBXFileReference; lastKnownFileType = sourcecode.swift; path = Secret.swift; sourceTree = "<group>"; };
		684433792B1B60C300D86BAE /* AppUser.swift */ = {isa = PBXFileReference; lastKnownFileType = sourcecode.swift; path = AppUser.swift; sourceTree = "<group>"; };
		686DA2D52B1B908700CCC1A2 /* DatabaseApi.swift */ = {isa = PBXFileReference; lastKnownFileType = sourcecode.swift; path = DatabaseApi.swift; sourceTree = "<group>"; };
		686DA2D82B1B946B00CCC1A2 /* Shared.swift */ = {isa = PBXFileReference; lastKnownFileType = sourcecode.swift; path = Shared.swift; sourceTree = "<group>"; };
		686DA2DA2B1BC0A700CCC1A2 /* NavigationMainButton.swift */ = {isa = PBXFileReference; lastKnownFileType = sourcecode.swift; path = NavigationMainButton.swift; sourceTree = "<group>"; };
		686DA2DC2B1BC3AC00CCC1A2 /* MainLogo.swift */ = {isa = PBXFileReference; lastKnownFileType = sourcecode.swift; path = MainLogo.swift; sourceTree = "<group>"; };
/* End PBXFileReference section */

/* Begin PBXFrameworksBuildPhase section */
		684433382B1A27FE00D86BAE /* Frameworks */ = {
			isa = PBXFrameworksBuildPhase;
			buildActionMask = 2147483647;
			files = (
				6844336F2B1B4D0800D86BAE /* PostgREST in Frameworks */,
				6844336D2B1B4D0800D86BAE /* GoTrue in Frameworks */,
				684433752B1B4D0800D86BAE /* Supabase in Frameworks */,
				6844336B2B1B4D0800D86BAE /* Functions in Frameworks */,
				684433732B1B4D0800D86BAE /* Storage in Frameworks */,
				684433712B1B4D0800D86BAE /* Realtime in Frameworks */,
			);
			runOnlyForDeploymentPostprocessing = 0;
		};
/* End PBXFrameworksBuildPhase section */

/* Begin PBXGroup section */
		6831A4D92B1C621D0019F096 /* SignIn */ = {
			isa = PBXGroup;
			children = (
				6831A4DA2B1C62910019F096 /* SignInView.swift */,
				6831A4DC2B1C630C0019F096 /* SignInViewModel.swift */,
			);
			name = SignIn;
			sourceTree = "<group>";
		};
		6831A4E02B1C7BA40019F096 /* Buttons */ = {
			isa = PBXGroup;
			children = (
				686DA2DA2B1BC0A700CCC1A2 /* NavigationMainButton.swift */,
				684433542B1A3B7000D86BAE /* MainButton.swift */,
				6831A4DE2B1C7B980019F096 /* NavigationAsyncButton.swift */,
			);
			path = Buttons;
			sourceTree = "<group>";
		};
		6831A4E72B1C9D1B0019F096 /* Compnonets */ = {
			isa = PBXGroup;
			children = (
				6831A4E12B1C9C5E0019F096 /* DrawerView.swift */,
				6831A4E82B1CA5B80019F096 /* MenuView.swift */,
			);
			name = Compnonets;
			sourceTree = "<group>";
		};
		6831A5062B1CEE740019F096 /* Home */ = {
			isa = PBXGroup;
			children = (
				6831A5072B1CEEC50019F096 /* HomeView.swift */,
			);
			name = Home;
			sourceTree = "<group>";
		};
		684433322B1A27FE00D86BAE = {
			isa = PBXGroup;
			children = (
				6844333D2B1A27FE00D86BAE /* Sehil */,
				6844333C2B1A27FE00D86BAE /* Products */,
			);
			sourceTree = "<group>";
		};
		6844333C2B1A27FE00D86BAE /* Products */ = {
			isa = PBXGroup;
			children = (
				6844333B2B1A27FE00D86BAE /* Sehil.app */,
			);
			name = Products;
			sourceTree = "<group>";
		};
		6844333D2B1A27FE00D86BAE /* Sehil */ = {
			isa = PBXGroup;
			children = (
				6844333E2B1A27FE00D86BAE /* SehilApp.swift */,
				6844334C2B1A280400D86BAE /* Core */,
				6844334E2B1A281300D86BAE /* Fretures */,
				684433442B1A27FF00D86BAE /* Preview Content */,
			);
			path = Sehil;
			sourceTree = "<group>";
		};
		684433442B1A27FF00D86BAE /* Preview Content */ = {
			isa = PBXGroup;
			children = (
				684433452B1A27FF00D86BAE /* Preview Assets.xcassets */,
			);
			path = "Preview Content";
			sourceTree = "<group>";
		};
		6844334C2B1A280400D86BAE /* Core */ = {
			isa = PBXGroup;
			children = (
				686DA2D72B1B945D00CCC1A2 /* Shared */,
				684433782B1B60B000D86BAE /* Models */,
				684433652B1B4B6100D86BAE /* Networking */,
				684433532B1A3B4900D86BAE /* Components */,
				684433422B1A27FF00D86BAE /* Assets.xcassets */,
			);
			path = Core;
			sourceTree = "<group>";
		};
		6844334E2B1A281300D86BAE /* Fretures */ = {
			isa = PBXGroup;
			children = (
				6844334F2B1A29B400D86BAE /* Onboarding */,
				6831A4D92B1C621D0019F096 /* SignIn */,
				684433592B1B025100D86BAE /* SignUp */,
				684433522B1A29E000D86BAE /* RootView */,
				6831A5062B1CEE740019F096 /* Home */,
			);
			name = Fretures;
			sourceTree = "<group>";
		};
		6844334F2B1A29B400D86BAE /* Onboarding */ = {
			isa = PBXGroup;
			children = (
				684433502B1A29D500D86BAE /* OnboardingView.swift */,
			);
			name = Onboarding;
			sourceTree = "<group>";
		};
		684433522B1A29E000D86BAE /* RootView */ = {
			isa = PBXGroup;
			children = (
				6831A4E72B1C9D1B0019F096 /* Compnonets */,
				6831A4E32B1C9D030019F096 /* RootView.swift */,
				6831A4E52B1C9D150019F096 /* RootViewModel.swift */,
			);
			name = RootView;
			sourceTree = "<group>";
		};
		684433532B1A3B4900D86BAE /* Components */ = {
			isa = PBXGroup;
			children = (
				6831A4E02B1C7BA40019F096 /* Buttons */,
				684433602B1B2D0600D86BAE /* AuthTextField.swift */,
				686DA2DC2B1BC3AC00CCC1A2 /* MainLogo.swift */,
			);
			path = Components;
			sourceTree = "<group>";
		};
		684433592B1B025100D86BAE /* SignUp */ = {
			isa = PBXGroup;
			children = (
				6844335B2B1B041F00D86BAE /* SignUpView.swift */,
				6844335E2B1B04CF00D86BAE /* SignUpViewModel.swift */,
			);
			name = SignUp;
			sourceTree = "<group>";
		};
		684433652B1B4B6100D86BAE /* Networking */ = {
			isa = PBXGroup;
			children = (
				686DA2D42B1B907200CCC1A2 /* Database */,
				684433662B1B4B7700D86BAE /* Auth */,
				684433762B1B502100D86BAE /* Secret.swift */,
			);
			path = Networking;
			sourceTree = "<group>";
		};
		684433662B1B4B7700D86BAE /* Auth */ = {
			isa = PBXGroup;
			children = (
				684433672B1B4BAC00D86BAE /* AuthApi.swift */,
			);
			path = Auth;
			sourceTree = "<group>";
		};
		684433782B1B60B000D86BAE /* Models */ = {
			isa = PBXGroup;
			children = (
				684433792B1B60C300D86BAE /* AppUser.swift */,
			);
			path = Models;
			sourceTree = "<group>";
		};
		686DA2D42B1B907200CCC1A2 /* Database */ = {
			isa = PBXGroup;
			children = (
				686DA2D52B1B908700CCC1A2 /* DatabaseApi.swift */,
			);
			path = Database;
			sourceTree = "<group>";
		};
		686DA2D72B1B945D00CCC1A2 /* Shared */ = {
			isa = PBXGroup;
			children = (
				686DA2D82B1B946B00CCC1A2 /* Shared.swift */,
			);
			path = Shared;
			sourceTree = "<group>";
		};
/* End PBXGroup section */

/* Begin PBXNativeTarget section */
		6844333A2B1A27FE00D86BAE /* Sehil */ = {
			isa = PBXNativeTarget;
			buildConfigurationList = 684433492B1A27FF00D86BAE /* Build configuration list for PBXNativeTarget "Sehil" */;
			buildPhases = (
				684433372B1A27FE00D86BAE /* Sources */,
				684433382B1A27FE00D86BAE /* Frameworks */,
				684433392B1A27FE00D86BAE /* Resources */,
			);
			buildRules = (
			);
			dependencies = (
			);
			name = Sehil;
			packageProductDependencies = (
				6844336A2B1B4D0800D86BAE /* Functions */,
				6844336C2B1B4D0800D86BAE /* GoTrue */,
				6844336E2B1B4D0800D86BAE /* PostgREST */,
				684433702B1B4D0800D86BAE /* Realtime */,
				684433722B1B4D0800D86BAE /* Storage */,
				684433742B1B4D0800D86BAE /* Supabase */,
			);
			productName = Sehil;
			productReference = 6844333B2B1A27FE00D86BAE /* Sehil.app */;
			productType = "com.apple.product-type.application";
		};
/* End PBXNativeTarget section */

/* Begin PBXProject section */
		684433332B1A27FE00D86BAE /* Project object */ = {
			isa = PBXProject;
			attributes = {
				BuildIndependentTargetsInParallel = 1;
				LastSwiftUpdateCheck = 1500;
				LastUpgradeCheck = 1500;
				TargetAttributes = {
					6844333A2B1A27FE00D86BAE = {
						CreatedOnToolsVersion = 15.0.1;
					};
				};
			};
			buildConfigurationList = 684433362B1A27FE00D86BAE /* Build configuration list for PBXProject "Sehil" */;
			compatibilityVersion = "Xcode 14.0";
			developmentRegion = en;
			hasScannedForEncodings = 0;
			knownRegions = (
				en,
				Base,
			);
			mainGroup = 684433322B1A27FE00D86BAE;
			packageReferences = (
				684433692B1B4D0800D86BAE /* XCRemoteSwiftPackageReference "supabase-swift" */,
			);
			productRefGroup = 6844333C2B1A27FE00D86BAE /* Products */;
			projectDirPath = "";
			projectRoot = "";
			targets = (
				6844333A2B1A27FE00D86BAE /* Sehil */,
			);
		};
/* End PBXProject section */

/* Begin PBXResourcesBuildPhase section */
		684433392B1A27FE00D86BAE /* Resources */ = {
			isa = PBXResourcesBuildPhase;
			buildActionMask = 2147483647;
			files = (
				684433462B1A27FF00D86BAE /* Preview Assets.xcassets in Resources */,
				684433432B1A27FF00D86BAE /* Assets.xcassets in Resources */,
			);
			runOnlyForDeploymentPostprocessing = 0;
		};
/* End PBXResourcesBuildPhase section */

/* Begin PBXSourcesBuildPhase section */
		684433372B1A27FE00D86BAE /* Sources */ = {
			isa = PBXSourcesBuildPhase;
			buildActionMask = 2147483647;
			files = (
				6831A4DF2B1C7B980019F096 /* NavigationAsyncButton.swift in Sources */,
				6844335C2B1B041F00D86BAE /* SignUpView.swift in Sources */,
				684433512B1A29D500D86BAE /* OnboardingView.swift in Sources */,
				686DA2DB2B1BC0A700CCC1A2 /* NavigationMainButton.swift in Sources */,
				6831A4E62B1C9D150019F096 /* RootViewModel.swift in Sources */,
				6831A4E92B1CA5B80019F096 /* MenuView.swift in Sources */,
				6844335F2B1B04CF00D86BAE /* SignUpViewModel.swift in Sources */,
				684433682B1B4BAC00D86BAE /* AuthApi.swift in Sources */,
				686DA2DD2B1BC3AC00CCC1A2 /* MainLogo.swift in Sources */,
				684433612B1B2D0600D86BAE /* AuthTextField.swift in Sources */,
				6844333F2B1A27FE00D86BAE /* SehilApp.swift in Sources */,
				6831A4DB2B1C62910019F096 /* SignInView.swift in Sources */,
				684433772B1B502100D86BAE /* Secret.swift in Sources */,
				686DA2D62B1B908700CCC1A2 /* DatabaseApi.swift in Sources */,
				6844337A2B1B60C300D86BAE /* AppUser.swift in Sources */,
				6831A5082B1CEEC50019F096 /* HomeView.swift in Sources */,
				686DA2D92B1B946B00CCC1A2 /* Shared.swift in Sources */,
				6831A4E42B1C9D030019F096 /* RootView.swift in Sources */,
				684433552B1A3B7000D86BAE /* MainButton.swift in Sources */,
				6831A4DD2B1C630C0019F096 /* SignInViewModel.swift in Sources */,
				6831A4E22B1C9C5E0019F096 /* DrawerView.swift in Sources */,
			);
			runOnlyForDeploymentPostprocessing = 0;
		};
/* End PBXSourcesBuildPhase section */

/* Begin XCBuildConfiguration section */
		684433472B1A27FF00D86BAE /* Debug */ = {
			isa = XCBuildConfiguration;
			buildSettings = {
				ALWAYS_SEARCH_USER_PATHS = NO;
				ASSETCATALOG_COMPILER_GENERATE_SWIFT_ASSET_SYMBOL_EXTENSIONS = YES;
				CLANG_ANALYZER_NONNULL = YES;
				CLANG_ANALYZER_NUMBER_OBJECT_CONVERSION = YES_AGGRESSIVE;
				CLANG_CXX_LANGUAGE_STANDARD = "gnu++20";
				CLANG_ENABLE_MODULES = YES;
				CLANG_ENABLE_OBJC_ARC = YES;
				CLANG_ENABLE_OBJC_WEAK = YES;
				CLANG_WARN_BLOCK_CAPTURE_AUTORELEASING = YES;
				CLANG_WARN_BOOL_CONVERSION = YES;
				CLANG_WARN_COMMA = YES;
				CLANG_WARN_CONSTANT_CONVERSION = YES;
				CLANG_WARN_DEPRECATED_OBJC_IMPLEMENTATIONS = YES;
				CLANG_WARN_DIRECT_OBJC_ISA_USAGE = YES_ERROR;
				CLANG_WARN_DOCUMENTATION_COMMENTS = YES;
				CLANG_WARN_EMPTY_BODY = YES;
				CLANG_WARN_ENUM_CONVERSION = YES;
				CLANG_WARN_INFINITE_RECURSION = YES;
				CLANG_WARN_INT_CONVERSION = YES;
				CLANG_WARN_NON_LITERAL_NULL_CONVERSION = YES;
				CLANG_WARN_OBJC_IMPLICIT_RETAIN_SELF = YES;
				CLANG_WARN_OBJC_LITERAL_CONVERSION = YES;
				CLANG_WARN_OBJC_ROOT_CLASS = YES_ERROR;
				CLANG_WARN_QUOTED_INCLUDE_IN_FRAMEWORK_HEADER = YES;
				CLANG_WARN_RANGE_LOOP_ANALYSIS = YES;
				CLANG_WARN_STRICT_PROTOTYPES = YES;
				CLANG_WARN_SUSPICIOUS_MOVE = YES;
				CLANG_WARN_UNGUARDED_AVAILABILITY = YES_AGGRESSIVE;
				CLANG_WARN_UNREACHABLE_CODE = YES;
				CLANG_WARN__DUPLICATE_METHOD_MATCH = YES;
				COPY_PHASE_STRIP = NO;
				DEBUG_INFORMATION_FORMAT = dwarf;
				ENABLE_STRICT_OBJC_MSGSEND = YES;
				ENABLE_TESTABILITY = YES;
				ENABLE_USER_SCRIPT_SANDBOXING = YES;
				GCC_C_LANGUAGE_STANDARD = gnu17;
				GCC_DYNAMIC_NO_PIC = NO;
				GCC_NO_COMMON_BLOCKS = YES;
				GCC_OPTIMIZATION_LEVEL = 0;
				GCC_PREPROCESSOR_DEFINITIONS = (
					"DEBUG=1",
					"$(inherited)",
				);
				GCC_WARN_64_TO_32_BIT_CONVERSION = YES;
				GCC_WARN_ABOUT_RETURN_TYPE = YES_ERROR;
				GCC_WARN_UNDECLARED_SELECTOR = YES;
				GCC_WARN_UNINITIALIZED_AUTOS = YES_AGGRESSIVE;
				GCC_WARN_UNUSED_FUNCTION = YES;
				GCC_WARN_UNUSED_VARIABLE = YES;
				IPHONEOS_DEPLOYMENT_TARGET = 17.0;
				LOCALIZATION_PREFERS_STRING_CATALOGS = YES;
				MTL_ENABLE_DEBUG_INFO = INCLUDE_SOURCE;
				MTL_FAST_MATH = YES;
				ONLY_ACTIVE_ARCH = YES;
				SDKROOT = iphoneos;
				SWIFT_ACTIVE_COMPILATION_CONDITIONS = "DEBUG $(inherited)";
				SWIFT_OPTIMIZATION_LEVEL = "-Onone";
			};
			name = Debug;
		};
		684433482B1A27FF00D86BAE /* Release */ = {
			isa = XCBuildConfiguration;
			buildSettings = {
				ALWAYS_SEARCH_USER_PATHS = NO;
				ASSETCATALOG_COMPILER_GENERATE_SWIFT_ASSET_SYMBOL_EXTENSIONS = YES;
				CLANG_ANALYZER_NONNULL = YES;
				CLANG_ANALYZER_NUMBER_OBJECT_CONVERSION = YES_AGGRESSIVE;
				CLANG_CXX_LANGUAGE_STANDARD = "gnu++20";
				CLANG_ENABLE_MODULES = YES;
				CLANG_ENABLE_OBJC_ARC = YES;
				CLANG_ENABLE_OBJC_WEAK = YES;
				CLANG_WARN_BLOCK_CAPTURE_AUTORELEASING = YES;
				CLANG_WARN_BOOL_CONVERSION = YES;
				CLANG_WARN_COMMA = YES;
				CLANG_WARN_CONSTANT_CONVERSION = YES;
				CLANG_WARN_DEPRECATED_OBJC_IMPLEMENTATIONS = YES;
				CLANG_WARN_DIRECT_OBJC_ISA_USAGE = YES_ERROR;
				CLANG_WARN_DOCUMENTATION_COMMENTS = YES;
				CLANG_WARN_EMPTY_BODY = YES;
				CLANG_WARN_ENUM_CONVERSION = YES;
				CLANG_WARN_INFINITE_RECURSION = YES;
				CLANG_WARN_INT_CONVERSION = YES;
				CLANG_WARN_NON_LITERAL_NULL_CONVERSION = YES;
				CLANG_WARN_OBJC_IMPLICIT_RETAIN_SELF = YES;
				CLANG_WARN_OBJC_LITERAL_CONVERSION = YES;
				CLANG_WARN_OBJC_ROOT_CLASS = YES_ERROR;
				CLANG_WARN_QUOTED_INCLUDE_IN_FRAMEWORK_HEADER = YES;
				CLANG_WARN_RANGE_LOOP_ANALYSIS = YES;
				CLANG_WARN_STRICT_PROTOTYPES = YES;
				CLANG_WARN_SUSPICIOUS_MOVE = YES;
				CLANG_WARN_UNGUARDED_AVAILABILITY = YES_AGGRESSIVE;
				CLANG_WARN_UNREACHABLE_CODE = YES;
				CLANG_WARN__DUPLICATE_METHOD_MATCH = YES;
				COPY_PHASE_STRIP = NO;
				DEBUG_INFORMATION_FORMAT = "dwarf-with-dsym";
				ENABLE_NS_ASSERTIONS = NO;
				ENABLE_STRICT_OBJC_MSGSEND = YES;
				ENABLE_USER_SCRIPT_SANDBOXING = YES;
				GCC_C_LANGUAGE_STANDARD = gnu17;
				GCC_NO_COMMON_BLOCKS = YES;
				GCC_WARN_64_TO_32_BIT_CONVERSION = YES;
				GCC_WARN_ABOUT_RETURN_TYPE = YES_ERROR;
				GCC_WARN_UNDECLARED_SELECTOR = YES;
				GCC_WARN_UNINITIALIZED_AUTOS = YES_AGGRESSIVE;
				GCC_WARN_UNUSED_FUNCTION = YES;
				GCC_WARN_UNUSED_VARIABLE = YES;
				IPHONEOS_DEPLOYMENT_TARGET = 17.0;
				LOCALIZATION_PREFERS_STRING_CATALOGS = YES;
				MTL_ENABLE_DEBUG_INFO = NO;
				MTL_FAST_MATH = YES;
				SDKROOT = iphoneos;
				SWIFT_COMPILATION_MODE = wholemodule;
				VALIDATE_PRODUCT = YES;
			};
			name = Release;
		};
		6844334A2B1A27FF00D86BAE /* Debug */ = {
			isa = XCBuildConfiguration;
			buildSettings = {
				ASSETCATALOG_COMPILER_APPICON_NAME = AppIcon;
				ASSETCATALOG_COMPILER_GLOBAL_ACCENT_COLOR_NAME = AccentColor;
				CODE_SIGN_STYLE = Automatic;
				CURRENT_PROJECT_VERSION = 1;
				DEVELOPMENT_ASSET_PATHS = "\"Sehil/Preview Content\"";
				ENABLE_PREVIEWS = YES;
				GENERATE_INFOPLIST_FILE = YES;
				INFOPLIST_KEY_UIApplicationSceneManifest_Generation = YES;
				INFOPLIST_KEY_UIApplicationSupportsIndirectInputEvents = YES;
				INFOPLIST_KEY_UILaunchScreen_Generation = YES;
				INFOPLIST_KEY_UISupportedInterfaceOrientations_iPad = "UIInterfaceOrientationPortrait UIInterfaceOrientationPortraitUpsideDown UIInterfaceOrientationLandscapeLeft UIInterfaceOrientationLandscapeRight";
				INFOPLIST_KEY_UISupportedInterfaceOrientations_iPhone = "UIInterfaceOrientationPortrait UIInterfaceOrientationLandscapeLeft UIInterfaceOrientationLandscapeRight";
				LD_RUNPATH_SEARCH_PATHS = (
					"$(inherited)",
					"@executable_path/Frameworks",
				);
				MARKETING_VERSION = 1.0;
				PRODUCT_BUNDLE_IDENTIFIER = live.rakan.Sehil;
				PRODUCT_NAME = "$(TARGET_NAME)";
				SWIFT_EMIT_LOC_STRINGS = YES;
				SWIFT_VERSION = 5.0;
				TARGETED_DEVICE_FAMILY = "1,2";
			};
			name = Debug;
		};
		6844334B2B1A27FF00D86BAE /* Release */ = {
			isa = XCBuildConfiguration;
			buildSettings = {
				ASSETCATALOG_COMPILER_APPICON_NAME = AppIcon;
				ASSETCATALOG_COMPILER_GLOBAL_ACCENT_COLOR_NAME = AccentColor;
				CODE_SIGN_STYLE = Automatic;
				CURRENT_PROJECT_VERSION = 1;
				DEVELOPMENT_ASSET_PATHS = "\"Sehil/Preview Content\"";
				ENABLE_PREVIEWS = YES;
				GENERATE_INFOPLIST_FILE = YES;
				INFOPLIST_KEY_UIApplicationSceneManifest_Generation = YES;
				INFOPLIST_KEY_UIApplicationSupportsIndirectInputEvents = YES;
				INFOPLIST_KEY_UILaunchScreen_Generation = YES;
				INFOPLIST_KEY_UISupportedInterfaceOrientations_iPad = "UIInterfaceOrientationPortrait UIInterfaceOrientationPortraitUpsideDown UIInterfaceOrientationLandscapeLeft UIInterfaceOrientationLandscapeRight";
				INFOPLIST_KEY_UISupportedInterfaceOrientations_iPhone = "UIInterfaceOrientationPortrait UIInterfaceOrientationLandscapeLeft UIInterfaceOrientationLandscapeRight";
				LD_RUNPATH_SEARCH_PATHS = (
					"$(inherited)",
					"@executable_path/Frameworks",
				);
				MARKETING_VERSION = 1.0;
				PRODUCT_BUNDLE_IDENTIFIER = live.rakan.Sehil;
				PRODUCT_NAME = "$(TARGET_NAME)";
				SWIFT_EMIT_LOC_STRINGS = YES;
				SWIFT_VERSION = 5.0;
				TARGETED_DEVICE_FAMILY = "1,2";
			};
			name = Release;
		};
/* End XCBuildConfiguration section */

/* Begin XCConfigurationList section */
		684433362B1A27FE00D86BAE /* Build configuration list for PBXProject "Sehil" */ = {
			isa = XCConfigurationList;
			buildConfigurations = (
				684433472B1A27FF00D86BAE /* Debug */,
				684433482B1A27FF00D86BAE /* Release */,
			);
			defaultConfigurationIsVisible = 0;
			defaultConfigurationName = Release;
		};
		684433492B1A27FF00D86BAE /* Build configuration list for PBXNativeTarget "Sehil" */ = {
			isa = XCConfigurationList;
			buildConfigurations = (
				6844334A2B1A27FF00D86BAE /* Debug */,
				6844334B2B1A27FF00D86BAE /* Release */,
			);
			defaultConfigurationIsVisible = 0;
			defaultConfigurationName = Release;
		};
/* End XCConfigurationList section */

/* Begin XCRemoteSwiftPackageReference section */
		684433692B1B4D0800D86BAE /* XCRemoteSwiftPackageReference "supabase-swift" */ = {
			isa = XCRemoteSwiftPackageReference;
			repositoryURL = "https://github.com/supabase-community/supabase-swift.git";
			requirement = {
				branch = main;
				kind = branch;
			};
		};
/* End XCRemoteSwiftPackageReference section */

/* Begin XCSwiftPackageProductDependency section */
		6844336A2B1B4D0800D86BAE /* Functions */ = {
			isa = XCSwiftPackageProductDependency;
			package = 684433692B1B4D0800D86BAE /* XCRemoteSwiftPackageReference "supabase-swift" */;
			productName = Functions;
		};
		6844336C2B1B4D0800D86BAE /* GoTrue */ = {
			isa = XCSwiftPackageProductDependency;
			package = 684433692B1B4D0800D86BAE /* XCRemoteSwiftPackageReference "supabase-swift" */;
			productName = GoTrue;
		};
		6844336E2B1B4D0800D86BAE /* PostgREST */ = {
			isa = XCSwiftPackageProductDependency;
			package = 684433692B1B4D0800D86BAE /* XCRemoteSwiftPackageReference "supabase-swift" */;
			productName = PostgREST;
		};
		684433702B1B4D0800D86BAE /* Realtime */ = {
			isa = XCSwiftPackageProductDependency;
			package = 684433692B1B4D0800D86BAE /* XCRemoteSwiftPackageReference "supabase-swift" */;
			productName = Realtime;
		};
		684433722B1B4D0800D86BAE /* Storage */ = {
			isa = XCSwiftPackageProductDependency;
			package = 684433692B1B4D0800D86BAE /* XCRemoteSwiftPackageReference "supabase-swift" */;
			productName = Storage;
		};
		684433742B1B4D0800D86BAE /* Supabase */ = {
			isa = XCSwiftPackageProductDependency;
			package = 684433692B1B4D0800D86BAE /* XCRemoteSwiftPackageReference "supabase-swift" */;
			productName = Supabase;
		};
/* End XCSwiftPackageProductDependency section */
	};
	rootObject = 684433332B1A27FE00D86BAE /* Project object */;
}
